
Microsoft Visual Studio Solution File, Format Version 12.00
# Visual Studio Version 16
VisualStudioVersion = 16.0.30804.86
MinimumVisualStudioVersion = 10.0.40219.1
Project("{FAE04EC0-301F-11D3-BF4B-00C04F79EFBC}") = "DataAccess", "DataAccess\DataAccess.csproj", "{FFEA7273-5F8D-4EE0-A3C6-FDEB2D11632F}"
EndProject
Project("{FAE04EC0-301F-11D3-BF4B-00C04F79EFBC}") = "Business", "Business\Business.csproj", "{0912FBE5-0F99-46F8-92EC-F90E028FAF0F}"
EndProject
Project("{FAE04EC0-301F-11D3-BF4B-00C04F79EFBC}") = "Entities", "Entities\Entities.csproj", "{CEC68EFC-CCBF-4D75-A9F6-95438E13DCB4}"
EndProject
Project("{FAE04EC0-301F-11D3-BF4B-00C04F79EFBC}") = "ConsoleUI", "ConsoleUI\ConsoleUI.csproj", "{DE09E77E-11F9-4C6D-929B-228F55C269C4}"
EndProject
Global
	GlobalSection(SolutionConfigurationPlatforms) = preSolution
		Debug|Any CPU = Debug|Any CPU
		Release|Any CPU = Release|Any CPU
	EndGlobalSection
	GlobalSection(ProjectConfigurationPlatforms) = postSolution
		{FFEA7273-5F8D-4EE0-A3C6-FDEB2D11632F}.Debug|Any CPU.ActiveCfg = Debug|Any CPU
		{FFEA7273-5F8D-4EE0-A3C6-FDEB2D11632F}.Debug|Any CPU.Build.0 = Debug|Any CPU
		{FFEA7273-5F8D-4EE0-A3C6-FDEB2D11632F}.Release|Any CPU.ActiveCfg = Release|Any CPU
		{FFEA7273-5F8D-4EE0-A3C6-FDEB2D11632F}.Release|Any CPU.Build.0 = Release|Any CPU
		{0912FBE5-0F99-46F8-92EC-F90E028FAF0F}.Debug|Any CPU.ActiveCfg = Debug|Any CPU
		{0912FBE5-0F99-46F8-92EC-F90E028FAF0F}.Debug|Any CPU.Build.0 = Debug|Any CPU
		{0912FBE5-0F99-46F8-92EC-F90E028FAF0F}.Release|Any CPU.ActiveCfg = Release|Any CPU
		{0912FBE5-0F99-46F8-92EC-F90E028FAF0F}.Release|Any CPU.Build.0 = Release|Any CPU
		{CEC68EFC-CCBF-4D75-A9F6-95438E13DCB4}.Debug|Any CPU.ActiveCfg = Debug|Any CPU
		{CEC68EFC-CCBF-4D75-A9F6-95438E13DCB4}.Debug|Any CPU.Build.0 = Debug|Any CPU
		{CEC68EFC-CCBF-4D75-A9F6-95438E13DCB4}.Release|Any CPU.ActiveCfg = Release|Any CPU
		{CEC68EFC-CCBF-4D75-A9F6-95438E13DCB4}.Release|Any CPU.Build.0 = Release|Any CPU
		{DE09E77E-11F9-4C6D-929B-228F55C269C4}.Debug|Any CPU.ActiveCfg = Debug|Any CPU
		{DE09E77E-11F9-4C6D-929B-228F55C269C4}.Debug|Any CPU.Build.0 = Debug|Any CPU
		{DE09E77E-11F9-4C6D-929B-228F55C269C4}.Release|Any CPU.ActiveCfg = Release|Any CPU
		{DE09E77E-11F9-4C6D-929B-228F55C269C4}.Release|Any CPU.Build.0 = Release|Any CPU
	EndGlobalSection
	GlobalSection(SolutionProperties) = preSolution
		HideSolutionNode = FALSE
	EndGlobalSection
	GlobalSection(ExtensibilityGlobals) = postSolution
		SolutionGuid = {994FF285-7EB4-4827-8805-C75321D3693F}
	EndGlobalSection
EndGlobal
